
Microsoft Visual Studio Solution File, Format Version 12.00
# Visual Studio 15
VisualStudioVersion = 15.0.28010.0
MinimumVisualStudioVersion = 10.0.40219.1
Project("{FAE04EC0-301F-11D3-BF4B-00C04F79EFBC}") = "GitPractice", "GitPractice\GitPractice.csproj", "{03401E66-4CED-4CD1-BA08-3C4D6BE8462C}"
EndProject
Global
	GlobalSection(SolutionConfigurationPlatforms) = preSolution
		Debug|Any CPU = Debug|Any CPU
		Release|Any CPU = Release|Any CPU
	EndGlobalSection
	GlobalSection(ProjectConfigurationPlatforms) = postSolution
		{03401E66-4CED-4CD1-BA08-3C4D6BE8462C}.Debug|Any CPU.ActiveCfg = Debug|Any CPU
		{03401E66-4CED-4CD1-BA08-3C4D6BE8462C}.Debug|Any CPU.Build.0 = Debug|Any CPU
		{03401E66-4CED-4CD1-BA08-3C4D6BE8462C}.Release|Any CPU.ActiveCfg = Release|Any CPU
		{03401E66-4CED-4CD1-BA08-3C4D6BE8462C}.Release|Any CPU.Build.0 = Release|Any CPU
	EndGlobalSection
	GlobalSection(SolutionProperties) = preSolution
		HideSolutionNode = FALSE
	EndGlobalSection
	GlobalSection(ExtensibilityGlobals) = postSolution
		SolutionGuid = {EFF887DC-F63B-496C-8916-8F4856496131}
	EndGlobalSection
EndGlobal
